
Microsoft Visual Studio Solution File, Format Version 12.00
# Visual Studio Version 17
VisualStudioVersion = 17.2.32630.192
MinimumVisualStudioVersion = 10.0.40219.1
Project("{9A19103F-16F7-4668-BE54-9A1E7A4F7556}") = "TaskPlanner", "TaskPlanner\TaskPlanner.csproj", "{420E7EFA-E5AA-4E71-9EA0-66B8027AB6C9}"
EndProject
Project("{9A19103F-16F7-4668-BE54-9A1E7A4F7556}") = "DataAccessLevel", "DataAccessLevel\DataAccessLevel.csproj", "{6F5CF487-BBDA-4128-A1D7-139E5856DDFD}"
EndProject
Project("{FAE04EC0-301F-11D3-BF4B-00C04F79EFBC}") = "BusinessLogicLevel", "BusinessLogicLevel\BusinessLogicLevel.csproj", "{B322835E-B4BD-4CAE-9620-72F2A056ACB5}"
EndProject
Project("{FAE04EC0-301F-11D3-BF4B-00C04F79EFBC}") = "PresentationLevel", "PresentationLevel\PresentationLevel.csproj", "{274C9CDB-2AAD-4F6D-A385-2351FB404E45}"
EndProject
Project("{FAE04EC0-301F-11D3-BF4B-00C04F79EFBC}") = "TaskPlannerTest", "TaskPlannerTest\TaskPlannerTest.csproj", "{3992E51B-BD48-428F-8723-AAB524A0E02E}"
EndProject
Global
	GlobalSection(SolutionConfigurationPlatforms) = preSolution
		Debug|Any CPU = Debug|Any CPU
		Release|Any CPU = Release|Any CPU
	EndGlobalSection
	GlobalSection(ProjectConfigurationPlatforms) = postSolution
		{420E7EFA-E5AA-4E71-9EA0-66B8027AB6C9}.Debug|Any CPU.ActiveCfg = Debug|Any CPU
		{420E7EFA-E5AA-4E71-9EA0-66B8027AB6C9}.Debug|Any CPU.Build.0 = Debug|Any CPU
		{420E7EFA-E5AA-4E71-9EA0-66B8027AB6C9}.Release|Any CPU.ActiveCfg = Release|Any CPU
		{420E7EFA-E5AA-4E71-9EA0-66B8027AB6C9}.Release|Any CPU.Build.0 = Release|Any CPU
		{6F5CF487-BBDA-4128-A1D7-139E5856DDFD}.Debug|Any CPU.ActiveCfg = Debug|Any CPU
		{6F5CF487-BBDA-4128-A1D7-139E5856DDFD}.Debug|Any CPU.Build.0 = Debug|Any CPU
		{6F5CF487-BBDA-4128-A1D7-139E5856DDFD}.Release|Any CPU.ActiveCfg = Release|Any CPU
		{6F5CF487-BBDA-4128-A1D7-139E5856DDFD}.Release|Any CPU.Build.0 = Release|Any CPU
		{B322835E-B4BD-4CAE-9620-72F2A056ACB5}.Debug|Any CPU.ActiveCfg = Debug|Any CPU
		{B322835E-B4BD-4CAE-9620-72F2A056ACB5}.Debug|Any CPU.Build.0 = Debug|Any CPU
		{B322835E-B4BD-4CAE-9620-72F2A056ACB5}.Release|Any CPU.ActiveCfg = Release|Any CPU
		{B322835E-B4BD-4CAE-9620-72F2A056ACB5}.Release|Any CPU.Build.0 = Release|Any CPU
		{274C9CDB-2AAD-4F6D-A385-2351FB404E45}.Debug|Any CPU.ActiveCfg = Debug|Any CPU
		{274C9CDB-2AAD-4F6D-A385-2351FB404E45}.Debug|Any CPU.Build.0 = Debug|Any CPU
		{274C9CDB-2AAD-4F6D-A385-2351FB404E45}.Release|Any CPU.ActiveCfg = Release|Any CPU
		{274C9CDB-2AAD-4F6D-A385-2351FB404E45}.Release|Any CPU.Build.0 = Release|Any CPU
		{3992E51B-BD48-428F-8723-AAB524A0E02E}.Debug|Any CPU.ActiveCfg = Debug|Any CPU
		{3992E51B-BD48-428F-8723-AAB524A0E02E}.Debug|Any CPU.Build.0 = Debug|Any CPU
		{3992E51B-BD48-428F-8723-AAB524A0E02E}.Release|Any CPU.ActiveCfg = Release|Any CPU
		{3992E51B-BD48-428F-8723-AAB524A0E02E}.Release|Any CPU.Build.0 = Release|Any CPU
	EndGlobalSection
	GlobalSection(SolutionProperties) = preSolution
		HideSolutionNode = FALSE
	EndGlobalSection
	GlobalSection(ExtensibilityGlobals) = postSolution
		SolutionGuid = {184429CA-8100-48EA-9677-3477744FB88E}
	EndGlobalSection
EndGlobal
